
Microsoft Visual Studio Solution File, Format Version 12.00
# Visual Studio Version 17
VisualStudioVersion = 17.5.33530.505
MinimumVisualStudioVersion = 10.0.40219.1
Project("{9A19103F-16F7-4668-BE54-9A1E7A4F7556}") = "SimpleChat.Client", "SimpleChat.Client\SimpleChat.Client.csproj", "{2F460B39-1E33-430C-A4A3-6D2FEBFC1C0E}"
EndProject
Project("{FAE04EC0-301F-11D3-BF4B-00C04F79EFBC}") = "SimpleChat.Common", "SimpleChat.Common\SimpleChat.Common.csproj", "{2E5E14CF-402E-4C59-9DF2-2CEF36A4EFCF}"
EndProject
Project("{FAE04EC0-301F-11D3-BF4B-00C04F79EFBC}") = "SimpleChat.Server", "SimpleChat.Server\SimpleChat.Server.csproj", "{AEF68160-56DB-45E8-9665-1825BC1D3A7F}"
EndProject
Global
	GlobalSection(SolutionConfigurationPlatforms) = preSolution
		Debug|Any CPU = Debug|Any CPU
		Release|Any CPU = Release|Any CPU
	EndGlobalSection
	GlobalSection(ProjectConfigurationPlatforms) = postSolution
		{2F460B39-1E33-430C-A4A3-6D2FEBFC1C0E}.Debug|Any CPU.ActiveCfg = Debug|Any CPU
		{2F460B39-1E33-430C-A4A3-6D2FEBFC1C0E}.Debug|Any CPU.Build.0 = Debug|Any CPU
		{2F460B39-1E33-430C-A4A3-6D2FEBFC1C0E}.Release|Any CPU.ActiveCfg = Release|Any CPU
		{2F460B39-1E33-430C-A4A3-6D2FEBFC1C0E}.Release|Any CPU.Build.0 = Release|Any CPU
		{2E5E14CF-402E-4C59-9DF2-2CEF36A4EFCF}.Debug|Any CPU.ActiveCfg = Debug|Any CPU
		{2E5E14CF-402E-4C59-9DF2-2CEF36A4EFCF}.Debug|Any CPU.Build.0 = Debug|Any CPU
		{2E5E14CF-402E-4C59-9DF2-2CEF36A4EFCF}.Release|Any CPU.ActiveCfg = Release|Any CPU
		{2E5E14CF-402E-4C59-9DF2-2CEF36A4EFCF}.Release|Any CPU.Build.0 = Release|Any CPU
		{AEF68160-56DB-45E8-9665-1825BC1D3A7F}.Debug|Any CPU.ActiveCfg = Debug|Any CPU
		{AEF68160-56DB-45E8-9665-1825BC1D3A7F}.Debug|Any CPU.Build.0 = Debug|Any CPU
		{AEF68160-56DB-45E8-9665-1825BC1D3A7F}.Release|Any CPU.ActiveCfg = Release|Any CPU
		{AEF68160-56DB-45E8-9665-1825BC1D3A7F}.Release|Any CPU.Build.0 = Release|Any CPU
	EndGlobalSection
	GlobalSection(SolutionProperties) = preSolution
		HideSolutionNode = FALSE
	EndGlobalSection
	GlobalSection(ExtensibilityGlobals) = postSolution
		SolutionGuid = {9A806976-CF59-4AEA-9E64-035A10C004AB}
	EndGlobalSection
EndGlobal
